
Microsoft Visual Studio Solution File, Format Version 12.00
Project("{F2A71F9B-5D33-465A-A702-920D77279786}") = "MaxInno.NUWEE.FSharpDemo", "MaxInno.NUWEE.FSharpDemo\MaxInno.NUWEE.FSharpDemo.fsproj", "{08AD6C5D-5AB5-44B8-B56C-FBAA465B0AF2}"
EndProject
Project("{FAE04EC0-301F-11D3-BF4B-00C04F79EFBC}") = "MaxInno.NUWEE.FSharpDemo.Interop.F2C", "MaxInno.NUWEE.FSharpDemo.Interop.F2C\MaxInno.NUWEE.FSharpDemo.Interop.F2C.csproj", "{ACF94D9C-6AC1-4E00-B6DB-472C512B4955}"
EndProject
Project("{F2A71F9B-5D33-465A-A702-920D77279786}") = "MaxInno.NUWEE.FSharpDemo.Interop.C2F", "MaxInno.NUWEE.FSharpDemo.Interop.C2F\MaxInno.NUWEE.FSharpDemo.Interop.C2F.fsproj", "{5D9F884A-3ACB-452E-B690-1679D3E746FF}"
EndProject
Global
	GlobalSection(SolutionConfigurationPlatforms) = preSolution
		Debug|Any CPU = Debug|Any CPU
		Release|Any CPU = Release|Any CPU
	EndGlobalSection
	GlobalSection(ProjectConfigurationPlatforms) = postSolution
		{08AD6C5D-5AB5-44B8-B56C-FBAA465B0AF2}.Debug|Any CPU.ActiveCfg = Debug|Any CPU
		{08AD6C5D-5AB5-44B8-B56C-FBAA465B0AF2}.Debug|Any CPU.Build.0 = Debug|Any CPU
		{08AD6C5D-5AB5-44B8-B56C-FBAA465B0AF2}.Release|Any CPU.ActiveCfg = Release|Any CPU
		{08AD6C5D-5AB5-44B8-B56C-FBAA465B0AF2}.Release|Any CPU.Build.0 = Release|Any CPU
		{ACF94D9C-6AC1-4E00-B6DB-472C512B4955}.Debug|Any CPU.ActiveCfg = Debug|Any CPU
		{ACF94D9C-6AC1-4E00-B6DB-472C512B4955}.Debug|Any CPU.Build.0 = Debug|Any CPU
		{ACF94D9C-6AC1-4E00-B6DB-472C512B4955}.Release|Any CPU.ActiveCfg = Release|Any CPU
		{ACF94D9C-6AC1-4E00-B6DB-472C512B4955}.Release|Any CPU.Build.0 = Release|Any CPU
		{5D9F884A-3ACB-452E-B690-1679D3E746FF}.Debug|Any CPU.ActiveCfg = Debug|Any CPU
		{5D9F884A-3ACB-452E-B690-1679D3E746FF}.Debug|Any CPU.Build.0 = Debug|Any CPU
		{5D9F884A-3ACB-452E-B690-1679D3E746FF}.Release|Any CPU.ActiveCfg = Release|Any CPU
		{5D9F884A-3ACB-452E-B690-1679D3E746FF}.Release|Any CPU.Build.0 = Release|Any CPU
	EndGlobalSection
EndGlobal
